// !$*UTF8*$!
{
	archiveVersion = 1;
	classes = {
	};
	objectVersion = 50;
	objects = {

/* Begin PBXBuildFile section */
		E27F0BFF24AB4B53002437FA /* AppDelegate.swift in Sources */ = {isa = PBXBuildFile; fileRef = E27F0BFE24AB4B53002437FA /* AppDelegate.swift */; };
		E27F0C0124AB4B53002437FA /* SceneDelegate.swift in Sources */ = {isa = PBXBuildFile; fileRef = E27F0C0024AB4B53002437FA /* SceneDelegate.swift */; };
		E27F0C0324AB4B53002437FA /* ContentView.swift in Sources */ = {isa = PBXBuildFile; fileRef = E27F0C0224AB4B53002437FA /* ContentView.swift */; };
		E27F0C0524AB4B54002437FA /* Assets.xcassets in Resources */ = {isa = PBXBuildFile; fileRef = E27F0C0424AB4B54002437FA /* Assets.xcassets */; };
		E27F0C0824AB4B54002437FA /* Preview Assets.xcassets in Resources */ = {isa = PBXBuildFile; fileRef = E27F0C0724AB4B54002437FA /* Preview Assets.xcassets */; };
		E27F0C0B24AB4B54002437FA /* LaunchScreen.storyboard in Resources */ = {isa = PBXBuildFile; fileRef = E27F0C0924AB4B54002437FA /* LaunchScreen.storyboard */; };
		E27F0C1324AB4BF7002437FA /* Card.swift in Sources */ = {isa = PBXBuildFile; fileRef = E27F0C1224AB4BF7002437FA /* Card.swift */; };
		E27F0C1524AB4ED0002437FA /* CardView.swift in Sources */ = {isa = PBXBuildFile; fileRef = E27F0C1424AB4ED0002437FA /* CardView.swift */; };
/* End PBXBuildFile section */

/* Begin PBXFileReference section */
		E27F0BFB24AB4B53002437FA /* CardView.app */ = {isa = PBXFileReference; explicitFileType = wrapper.application; includeInIndex = 0; path = CardView.app; sourceTree = BUILT_PRODUCTS_DIR; };
		E27F0BFE24AB4B53002437FA /* AppDelegate.swift */ = {isa = PBXFileReference; lastKnownFileType = sourcecode.swift; path = AppDelegate.swift; sourceTree = "<group>"; };
		E27F0C0024AB4B53002437FA /* SceneDelegate.swift */ = {isa = PBXFileReference; lastKnownFileType = sourcecode.swift; path = SceneDelegate.swift; sourceTree = "<group>"; };
		E27F0C0224AB4B53002437FA /* ContentView.swift */ = {isa = PBXFileReference; lastKnownFileType = sourcecode.swift; path = ContentView.swift; sourceTree = "<group>"; };
		E27F0C0424AB4B54002437FA /* Assets.xcassets */ = {isa = PBXFileReference; lastKnownFileType = folder.assetcatalog; path = Assets.xcassets; sourceTree = "<group>"; };
		E27F0C0724AB4B54002437FA /* Preview Assets.xcassets */ = {isa = PBXFileReference; lastKnownFileType = folder.assetcatalog; path = "Preview Assets.xcassets"; sourceTree = "<group>"; };
		E27F0C0A24AB4B54002437FA /* Base */ = {isa = PBXFileReference; lastKnownFileType = file.storyboard; name = Base; path = Base.lproj/LaunchScreen.storyboard; sourceTree = "<group>"; };
		E27F0C0C24AB4B54002437FA /* Info.plist */ = {isa = PBXFileReference; lastKnownFileType = text.plist.xml; path = Info.plist; sourceTree = "<group>"; };
		E27F0C1224AB4BF7002437FA /* Card.swift */ = {isa = PBXFileReference; lastKnownFileType = sourcecode.swift; path = Card.swift; sourceTree = "<group>"; };
		E27F0C1424AB4ED0002437FA /* CardView.swift */ = {isa = PBXFileReference; lastKnownFileType = sourcecode.swift; path = CardView.swift; sourceTree = "<group>"; };
/* End PBXFileReference section */

/* Begin PBXFrameworksBuildPhase section */
		E27F0BF824AB4B53002437FA /* Frameworks */ = {
			isa = PBXFrameworksBuildPhase;
			buildActionMask = 2147483647;
			files = (
			);
			runOnlyForDeploymentPostprocessing = 0;
		};
/* End PBXFrameworksBuildPhase section */

/* Begin PBXGroup section */
		E27F0BF224AB4B53002437FA = {
			isa = PBXGroup;
			children = (
				E27F0BFD24AB4B53002437FA /* CardView */,
				E27F0BFC24AB4B53002437FA /* Products */,
			);
			sourceTree = "<group>";
		};
		E27F0BFC24AB4B53002437FA /* Products */ = {
			isa = PBXGroup;
			children = (
				E27F0BFB24AB4B53002437FA /* CardView.app */,
			);
			name = Products;
			sourceTree = "<group>";
		};
		E27F0BFD24AB4B53002437FA /* CardView */ = {
			isa = PBXGroup;
			children = (
				E27F0BFE24AB4B53002437FA /* AppDelegate.swift */,
				E27F0C0024AB4B53002437FA /* SceneDelegate.swift */,
				E27F0C0224AB4B53002437FA /* ContentView.swift */,
				E27F0C1224AB4BF7002437FA /* Card.swift */,
				E27F0C1424AB4ED0002437FA /* CardView.swift */,
				E27F0C0424AB4B54002437FA /* Assets.xcassets */,
				E27F0C0924AB4B54002437FA /* LaunchScreen.storyboard */,
				E27F0C0C24AB4B54002437FA /* Info.plist */,
				E27F0C0624AB4B54002437FA /* Preview Content */,
			);
			path = CardView;
			sourceTree = "<group>";
		};
		E27F0C0624AB4B54002437FA /* Preview Content */ = {
			isa = PBXGroup;
			children = (
				E27F0C0724AB4B54002437FA /* Preview Assets.xcassets */,
			);
			path = "Preview Content";
			sourceTree = "<group>";
		};
/* End PBXGroup section */

/* Begin PBXNativeTarget section */
		E27F0BFA24AB4B53002437FA /* CardView */ = {
			isa = PBXNativeTarget;
			buildConfigurationList = E27F0C0F24AB4B54002437FA /* Build configuration list for PBXNativeTarget "CardView" */;
			buildPhases = (
				E27F0BF724AB4B53002437FA /* Sources */,
				E27F0BF824AB4B53002437FA /* Frameworks */,
				E27F0BF924AB4B53002437FA /* Resources */,
			);
			buildRules = (
			);
			dependencies = (
			);
			name = CardView;
			productName = CardView;
			productReference = E27F0BFB24AB4B53002437FA /* CardView.app */;
			productType = "com.apple.product-type.application";
		};
/* End PBXNativeTarget section */

/* Begin PBXProject section */
		E27F0BF324AB4B53002437FA /* Project object */ = {
			isa = PBXProject;
			attributes = {
				LastSwiftUpdateCheck = 1150;
				LastUpgradeCheck = 1150;
				ORGANIZATIONNAME = "Arief Purnama Muharram";
				TargetAttributes = {
					E27F0BFA24AB4B53002437FA = {
						CreatedOnToolsVersion = 11.5;
					};
				};
			};
			buildConfigurationList = E27F0BF624AB4B53002437FA /* Build configuration list for PBXProject "CardView" */;
			compatibilityVersion = "Xcode 9.3";
			developmentRegion = en;
			hasScannedForEncodings = 0;
			knownRegions = (
				en,
				Base,
			);
			mainGroup = E27F0BF224AB4B53002437FA;
			productRefGroup = E27F0BFC24AB4B53002437FA /* Products */;
			projectDirPath = "";
			projectRoot = "";
			targets = (
				E27F0BFA24AB4B53002437FA /* CardView */,
			);
		};
/* End PBXProject section */

/* Begin PBXResourcesBuildPhase section */
		E27F0BF924AB4B53002437FA /* Resources */ = {
			isa = PBXResourcesBuildPhase;
			buildActionMask = 2147483647;
			files = (
				E27F0C0B24AB4B54002437FA /* LaunchScreen.storyboard in Resources */,
				E27F0C0824AB4B54002437FA /* Preview Assets.xcassets in Resources */,
				E27F0C0524AB4B54002437FA /* Assets.xcassets in Resources */,
			);
			runOnlyForDeploymentPostprocessing = 0;
		};
/* End PBXResourcesBuildPhase section */

/* Begin PBXSourcesBuildPhase section */
		E27F0BF724AB4B53002437FA /* Sources */ = {
			isa = PBXSourcesBuildPhase;
			buildActionMask = 2147483647;
			files = (
				E27F0BFF24AB4B53002437FA /* AppDelegate.swift in Sources */,
				E27F0C0124AB4B53002437FA /* SceneDelegate.swift in Sources */,
				E27F0C0324AB4B53002437FA /* ContentView.swift in Sources */,
				E27F0C1324AB4BF7002437FA /* Card.swift in Sources */,
				E27F0C1524AB4ED0002437FA /* CardView.swift in Sources */,
			);
			runOnlyForDeploymentPostprocessing = 0;
		};
/* End PBXSourcesBuildPhase section */

/* Begin PBXVariantGroup section */
		E27F0C0924AB4B54002437FA /* LaunchScreen.storyboard */ = {
			isa = PBXVariantGroup;
			children = (
				E27F0C0A24AB4B54002437FA /* Base */,
			);
			name = LaunchScreen.storyboard;
			sourceTree = "<group>";
		};
/* End PBXVariantGroup section */

/* Begin XCBuildConfiguration section */
		E27F0C0D24AB4B54002437FA /* Debug */ = {
			isa = XCBuildConfiguration;
			buildSettings = {
				ALWAYS_SEARCH_USER_PATHS = NO;
				CLANG_ANALYZER_NONNULL = YES;
				CLANG_ANALYZER_NUMBER_OBJECT_CONVERSION = YES_AGGRESSIVE;
				CLANG_CXX_LANGUAGE_STANDARD = "gnu++14";
				CLANG_CXX_LIBRARY = "libc++";
				CLANG_ENABLE_MODULES = YES;
				CLANG_ENABLE_OBJC_ARC = YES;
				CLANG_ENABLE_OBJC_WEAK = YES;
				CLANG_WARN_BLOCK_CAPTURE_AUTORELEASING = YES;
				CLANG_WARN_BOOL_CONVERSION = YES;
				CLANG_WARN_COMMA = YES;
				CLANG_WARN_CONSTANT_CONVERSION = YES;
				CLANG_WARN_DEPRECATED_OBJC_IMPLEMENTATIONS = YES;
				CLANG_WARN_DIRECT_OBJC_ISA_USAGE = YES_ERROR;
				CLANG_WARN_DOCUMENTATION_COMMENTS = YES;
				CLANG_WARN_EMPTY_BODY = YES;
				CLANG_WARN_ENUM_CONVERSION = YES;
				CLANG_WARN_INFINITE_RECURSION = YES;
				CLANG_WARN_INT_CONVERSION = YES;
				CLANG_WARN_NON_LITERAL_NULL_CONVERSION = YES;
				CLANG_WARN_OBJC_IMPLICIT_RETAIN_SELF = YES;
				CLANG_WARN_OBJC_LITERAL_CONVERSION = YES;
				CLANG_WARN_OBJC_ROOT_CLASS = YES_ERROR;
				CLANG_WARN_RANGE_LOOP_ANALYSIS = YES;
				CLANG_WARN_STRICT_PROTOTYPES = YES;
				CLANG_WARN_SUSPICIOUS_MOVE = YES;
				CLANG_WARN_UNGUARDED_AVAILABILITY = YES_AGGRESSIVE;
				CLANG_WARN_UNREACHABLE_CODE = YES;
				CLANG_WARN__DUPLICATE_METHOD_MATCH = YES;
				COPY_PHASE_STRIP = NO;
				DEBUG_INFORMATION_FORMAT = dwarf;
				ENABLE_STRICT_OBJC_MSGSEND = YES;
				ENABLE_TESTABILITY = YES;
				GCC_C_LANGUAGE_STANDARD = gnu11;
				GCC_DYNAMIC_NO_PIC = NO;
				GCC_NO_COMMON_BLOCKS = YES;
				GCC_OPTIMIZATION_LEVEL = 0;
				GCC_PREPROCESSOR_DEFINITIONS = (
					"DEBUG=1",
					"$(inherited)",
				);
				GCC_WARN_64_TO_32_BIT_CONVERSION = YES;
				GCC_WARN_ABOUT_RETURN_TYPE = YES_ERROR;
				GCC_WARN_UNDECLARED_SELECTOR = YES;
				GCC_WARN_UNINITIALIZED_AUTOS = YES_AGGRESSIVE;
				GCC_WARN_UNUSED_FUNCTION = YES;
				GCC_WARN_UNUSED_VARIABLE = YES;
				IPHONEOS_DEPLOYMENT_TARGET = 13.0;
				MTL_ENABLE_DEBUG_INFO = INCLUDE_SOURCE;
				MTL_FAST_MATH = YES;
				ONLY_ACTIVE_ARCH = YES;
				SDKROOT = iphoneos;
				SWIFT_ACTIVE_COMPILATION_CONDITIONS = DEBUG;
				SWIFT_OPTIMIZATION_LEVEL = "-Onone";
			};
			name = Debug;
		};
		E27F0C0E24AB4B54002437FA /* Release */ = {
			isa = XCBuildConfiguration;
			buildSettings = {
				ALWAYS_SEARCH_USER_PATHS = NO;
				CLANG_ANALYZER_NONNULL = YES;
				CLANG_ANALYZER_NUMBER_OBJECT_CONVERSION = YES_AGGRESSIVE;
				CLANG_CXX_LANGUAGE_STANDARD = "gnu++14";
				CLANG_CXX_LIBRARY = "libc++";
				CLANG_ENABLE_MODULES = YES;
				CLANG_ENABLE_OBJC_ARC = YES;
				CLANG_ENABLE_OBJC_WEAK = YES;
				CLANG_WARN_BLOCK_CAPTURE_AUTORELEASING = YES;
				CLANG_WARN_BOOL_CONVERSION = YES;
				CLANG_WARN_COMMA = YES;
				CLANG_WARN_CONSTANT_CONVERSION = YES;
				CLANG_WARN_DEPRECATED_OBJC_IMPLEMENTATIONS = YES;
				CLANG_WARN_DIRECT_OBJC_ISA_USAGE = YES_ERROR;
				CLANG_WARN_DOCUMENTATION_COMMENTS = YES;
				CLANG_WARN_EMPTY_BODY = YES;
				CLANG_WARN_ENUM_CONVERSION = YES;
				CLANG_WARN_INFINITE_RECURSION = YES;
				CLANG_WARN_INT_CONVERSION = YES;
				CLANG_WARN_NON_LITERAL_NULL_CONVERSION = YES;
				CLANG_WARN_OBJC_IMPLICIT_RETAIN_SELF = YES;
				CLANG_WARN_OBJC_LITERAL_CONVERSION = YES;
				CLANG_WARN_OBJC_ROOT_CLASS = YES_ERROR;
				CLANG_WARN_RANGE_LOOP_ANALYSIS = YES;
				CLANG_WARN_STRICT_PROTOTYPES = YES;
				CLANG_WARN_SUSPICIOUS_MOVE = YES;
				CLANG_WARN_UNGUARDED_AVAILABILITY = YES_AGGRESSIVE;
				CLANG_WARN_UNREACHABLE_CODE = YES;
				CLANG_WARN__DUPLICATE_METHOD_MATCH = YES;
				COPY_PHASE_STRIP = NO;
				DEBUG_INFORMATION_FORMAT = "dwarf-with-dsym";
				ENABLE_NS_ASSERTIONS = NO;
				ENABLE_STRICT_OBJC_MSGSEND = YES;
				GCC_C_LANGUAGE_STANDARD = gnu11;
				GCC_NO_COMMON_BLOCKS = YES;
				GCC_WARN_64_TO_32_BIT_CONVERSION = YES;
				GCC_WARN_ABOUT_RETURN_TYPE = YES_ERROR;
				GCC_WARN_UNDECLARED_SELECTOR = YES;
				GCC_WARN_UNINITIALIZED_AUTOS = YES_AGGRESSIVE;
				GCC_WARN_UNUSED_FUNCTION = YES;
				GCC_WARN_UNUSED_VARIABLE = YES;
				IPHONEOS_DEPLOYMENT_TARGET = 13.0;
				MTL_ENABLE_DEBUG_INFO = NO;
				MTL_FAST_MATH = YES;
				SDKROOT = iphoneos;
				SWIFT_COMPILATION_MODE = wholemodule;
				SWIFT_OPTIMIZATION_LEVEL = "-O";
				VALIDATE_PRODUCT = YES;
			};
			name = Release;
		};
		E27F0C1024AB4B54002437FA /* Debug */ = {
			isa = XCBuildConfiguration;
			buildSettings = {
				ASSETCATALOG_COMPILER_APPICON_NAME = AppIcon;
				CODE_SIGN_STYLE = Automatic;
				DEVELOPMENT_ASSET_PATHS = "\"CardView/Preview Content\"";
				DEVELOPMENT_TEAM = LW277V8SC7;
				ENABLE_PREVIEWS = YES;
				INFOPLIST_FILE = CardView/Info.plist;
				LD_RUNPATH_SEARCH_PATHS = (
					"$(inherited)",
					"@executable_path/Frameworks",
				);
				PRODUCT_BUNDLE_IDENTIFIER = id.ariefpurnamamuharram.examples.CardView;
				PRODUCT_NAME = "$(TARGET_NAME)";
				SWIFT_VERSION = 5.0;
				TARGETED_DEVICE_FAMILY = 1;
			};
			name = Debug;
		};
		E27F0C1124AB4B54002437FA /* Release */ = {
			isa = XCBuildConfiguration;
			buildSettings = {
				ASSETCATALOG_COMPILER_APPICON_NAME = AppIcon;
				CODE_SIGN_STYLE = Automatic;
				DEVELOPMENT_ASSET_PATHS = "\"CardView/Preview Content\"";
				DEVELOPMENT_TEAM = LW277V8SC7;
				ENABLE_PREVIEWS = YES;
				INFOPLIST_FILE = CardView/Info.plist;
				LD_RUNPATH_SEARCH_PATHS = (
					"$(inherited)",
					"@executable_path/Frameworks",
				);
				PRODUCT_BUNDLE_IDENTIFIER = id.ariefpurnamamuharram.examples.CardView;
				PRODUCT_NAME = "$(TARGET_NAME)";
				SWIFT_VERSION = 5.0;
				TARGETED_DEVICE_FAMILY = 1;
			};
			name = Release;
		};
/* End XCBuildConfiguration section */

/* Begin XCConfigurationList section */
		E27F0BF624AB4B53002437FA /* Build configuration list for PBXProject "CardView" */ = {
			isa = XCConfigurationList;
			buildConfigurations = (
				E27F0C0D24AB4B54002437FA /* Debug */,
				E27F0C0E24AB4B54002437FA /* Release */,
			);
			defaultConfigurationIsVisible = 0;
			defaultConfigurationName = Release;
		};
		E27F0C0F24AB4B54002437FA /* Build configuration list for PBXNativeTarget "CardView" */ = {
			isa = XCConfigurationList;
			buildConfigurations = (
				E27F0C1024AB4B54002437FA /* Debug */,
				E27F0C1124AB4B54002437FA /* Release */,
			);
			defaultConfigurationIsVisible = 0;
			defaultConfigurationName = Release;
		};
/* End XCConfigurationList section */
	};
	rootObject = E27F0BF324AB4B53002437FA /* Project object */;
}
